
Microsoft Visual Studio Solution File, Format Version 12.00
# Visual Studio 15
VisualStudioVersion = 15.0.28307.329
MinimumVisualStudioVersion = 10.0.40219.1
Project("{FAE04EC0-301F-11D3-BF4B-00C04F79EFBC}") = "OpenFileDialog", "OpenFileDialog\OpenFileDialog.csproj", "{53FBED9B-B372-4CE1-AD74-F419A78ECE9E}"
EndProject
Global
	GlobalSection(SolutionConfigurationPlatforms) = preSolution
		Debug|Any CPU = Debug|Any CPU
		Release|Any CPU = Release|Any CPU
	EndGlobalSection
	GlobalSection(ProjectConfigurationPlatforms) = postSolution
		{53FBED9B-B372-4CE1-AD74-F419A78ECE9E}.Debug|Any CPU.ActiveCfg = Debug|Any CPU
		{53FBED9B-B372-4CE1-AD74-F419A78ECE9E}.Debug|Any CPU.Build.0 = Debug|Any CPU
		{53FBED9B-B372-4CE1-AD74-F419A78ECE9E}.Release|Any CPU.ActiveCfg = Release|Any CPU
		{53FBED9B-B372-4CE1-AD74-F419A78ECE9E}.Release|Any CPU.Build.0 = Release|Any CPU
	EndGlobalSection
	GlobalSection(SolutionProperties) = preSolution
		HideSolutionNode = FALSE
	EndGlobalSection
	GlobalSection(ExtensibilityGlobals) = postSolution
		SolutionGuid = {C9D5276C-A1A1-4A28-B922-B2E5888D2E15}
	EndGlobalSection
EndGlobal
